
Microsoft Visual Studio Solution File, Format Version 12.00
# Visual Studio Version 16
VisualStudioVersion = 16.0.29201.188
MinimumVisualStudioVersion = 10.0.40219.1
Project("{FAE04EC0-301F-11D3-BF4B-00C04F79EFBC}") = "TimeTracker", "TimeTracker\TimeTracker.csproj", "{4E04C428-C790-4171-AD8D-36CEF5254600}"
EndProject
Global
	GlobalSection(SolutionConfigurationPlatforms) = preSolution
		Debug|Any CPU = Debug|Any CPU
		Release|Any CPU = Release|Any CPU
	EndGlobalSection
	GlobalSection(ProjectConfigurationPlatforms) = postSolution
		{4E04C428-C790-4171-AD8D-36CEF5254600}.Debug|Any CPU.ActiveCfg = Debug|Any CPU
		{4E04C428-C790-4171-AD8D-36CEF5254600}.Debug|Any CPU.Build.0 = Debug|Any CPU
		{4E04C428-C790-4171-AD8D-36CEF5254600}.Release|Any CPU.ActiveCfg = Release|Any CPU
		{4E04C428-C790-4171-AD8D-36CEF5254600}.Release|Any CPU.Build.0 = Release|Any CPU
	EndGlobalSection
	GlobalSection(SolutionProperties) = preSolution
		HideSolutionNode = FALSE
	EndGlobalSection
	GlobalSection(ExtensibilityGlobals) = postSolution
		SolutionGuid = {C97AC276-DB20-44FB-8063-CAFD36B1358A}
	EndGlobalSection
EndGlobal
